// !$*UTF8*$!
{
	archiveVersion = 1;
	classes = {
	};
	objectVersion = 77;
	objects = {

/* Begin PBXBuildFile section */
		5118ABDE2F9FA1EE00D8E9CF /* CalRemApp.swift in Sources */ = {isa = PBXBuildFile; fileRef = 5118ABD82F9FA1EE00D8E9CF /* CalRemApp.swift */; };
		5118ABDF2F9FA1EE00D8E9CF /* ContentView.swift in Sources */ = {isa = PBXBuildFile; fileRef = 5118ABD92F9FA1EE00D8E9CF /* ContentView.swift */; };
		5118ABE22F9FA1EE00D8E9CF /* Assets.xcassets in Resources */ = {isa = PBXBuildFile; fileRef = 5118ABD62F9FA1EE00D8E9CF /* Assets.xcassets */; };
		5118ABE72FA170AE00D8E9CF /* EventKitManager.swift in Sources */ = {isa = PBXBuildFile; fileRef = 5118ABE62FA170AE00D8E9CF /* EventKitManager.swift */; };
		5118ABEA2FAAC46D00D8E9CF /* SettingsTab.swift in Sources */ = {isa = PBXBuildFile; fileRef = 5118ABE92FAAC46D00D8E9CF /* SettingsTab.swift */; };
		5118ABEC2FAAC4CD00D8E9CF /* PreferencesViewModel.swift in Sources */ = {isa = PBXBuildFile; fileRef = 5118ABEB2FAAC4CD00D8E9CF /* PreferencesViewModel.swift */; };
		5118ABEE2FAAC9B800D8E9CF /* ListView.swift in Sources */ = {isa = PBXBuildFile; fileRef = 5118ABED2FAAC9B800D8E9CF /* ListView.swift */; };
		5118ABF02FAACFAE00D8E9CF /* EventRow.swift in Sources */ = {isa = PBXBuildFile; fileRef = 5118ABEF2FAACFAE00D8E9CF /* EventRow.swift */; };
		5118ABF22FAAD0FA00D8E9CF /* ReminderRow.swift in Sources */ = {isa = PBXBuildFile; fileRef = 5118ABF12FAAD0FA00D8E9CF /* ReminderRow.swift */; };
		5118AC442FAECF5700D8E9CF /* ReminderModel.swift in Sources */ = {isa = PBXBuildFile; fileRef = 5118AC432FAECF5700D8E9CF /* ReminderModel.swift */; };
		5118AC462FAECF6000D8E9CF /* EventModel.swift in Sources */ = {isa = PBXBuildFile; fileRef = 5118AC452FAECF6000D8E9CF /* EventModel.swift */; };
		5118AD562FB0C05000D8E9CF /* MockData.swift in Sources */ = {isa = PBXBuildFile; fileRef = 5118AD552FB0C05000D8E9CF /* MockData.swift */; };
		5118AD582FB225FF00D8E9CF /* ReminderView.swift in Sources */ = {isa = PBXBuildFile; fileRef = 5118AD572FB225FF00D8E9CF /* ReminderView.swift */; };
		5118AD5A2FB25F8600D8E9CF /* EventView.swift in Sources */ = {isa = PBXBuildFile; fileRef = 5118AD592FB25F8600D8E9CF /* EventView.swift */; };
		5118AD5C2FB26D6500D8E9CF /* Enums.swift in Sources */ = {isa = PBXBuildFile; fileRef = 5118AD5B2FB26D6200D8E9CF /* Enums.swift */; };
		5118AD642FB2B90200D8E9CF /* WidgetKit.framework in Frameworks */ = {isa = PBXBuildFile; fileRef = 5118AD632FB2B90200D8E9CF /* WidgetKit.framework */; };
		5118AD662FB2B90200D8E9CF /* SwiftUI.framework in Frameworks */ = {isa = PBXBuildFile; fileRef = 5118AD652FB2B90200D8E9CF /* SwiftUI.framework */; };
		5118AD712FB2B90400D8E9CF /* CalRemWidgetExtension.appex in Embed Foundation Extensions */ = {isa = PBXBuildFile; fileRef = 5118AD612FB2B90200D8E9CF /* CalRemWidgetExtension.appex */; settings = {ATTRIBUTES = (RemoveHeadersOnCopy, ); }; };
		5118AD7A2FB36B2400D8E9CF /* EventKitManager.swift in Sources */ = {isa = PBXBuildFile; fileRef = 5118ABE62FA170AE00D8E9CF /* EventKitManager.swift */; };
		5118AD7B2FB36CF600D8E9CF /* PreferencesViewModel.swift in Sources */ = {isa = PBXBuildFile; fileRef = 5118ABEB2FAAC4CD00D8E9CF /* PreferencesViewModel.swift */; };
		5118AD862FB3A40200D8E9CF /* Assets.xcassets in Resources */ = {isa = PBXBuildFile; fileRef = 5118AD802FB3A40200D8E9CF /* Assets.xcassets */; };
		5118AD882FB3A40200D8E9CF /* CalRemWidgetBundle.swift in Sources */ = {isa = PBXBuildFile; fileRef = 5118AD812FB3A40200D8E9CF /* CalRemWidgetBundle.swift */; };
		5118AD892FB3A40200D8E9CF /* DayProgressWidget.swift in Sources */ = {isa = PBXBuildFile; fileRef = 5118AD822FB3A40200D8E9CF /* DayProgressWidget.swift */; };
		5118AD8A2FB3A40200D8E9CF /* UnifiedWidget.swift in Sources */ = {isa = PBXBuildFile; fileRef = 5118AD842FB3A40200D8E9CF /* UnifiedWidget.swift */; };
		5118AD8B2FB3A40200D8E9CF /* DayProgressWidget.swift in Sources */ = {isa = PBXBuildFile; fileRef = 5118AD822FB3A40200D8E9CF /* DayProgressWidget.swift */; };
		5118AD912FB3AFDF00D8E9CF /* ToggleReminderIntent.swift in Sources */ = {isa = PBXBuildFile; fileRef = 5118AD902FB3AFDF00D8E9CF /* ToggleReminderIntent.swift */; };
		5118AD922FB3AFDF00D8E9CF /* ToggleReminderIntent.swift in Sources */ = {isa = PBXBuildFile; fileRef = 5118AD902FB3AFDF00D8E9CF /* ToggleReminderIntent.swift */; };
		5118AD932FB3EF4D00D8E9CF /* UnifiedWidget.swift in Sources */ = {isa = PBXBuildFile; fileRef = 5118AD842FB3A40200D8E9CF /* UnifiedWidget.swift */; };
		5118AD9C2FB75A0F00D8E9CF /*   .swift in Sources */ = {isa = PBXBuildFile; fileRef = 5118AD9B2FB75A0F00D8E9CF /*   .swift */; };
		5118AD9D2FB75A0F00D8E9CF /*   .swift in Sources */ = {isa = PBXBuildFile; fileRef = 5118AD9B2FB75A0F00D8E9CF /*   .swift */; };
		5118AD9F2FB764AD00D8E9CF /* WeekGlanceWidget.swift in Sources */ = {isa = PBXBuildFile; fileRef = 5118AD9E2FB764AD00D8E9CF /* WeekGlanceWidget.swift */; };
		5118ADA02FB764AD00D8E9CF /* WeekGlanceWidget.swift in Sources */ = {isa = PBXBuildFile; fileRef = 5118AD9E2FB764AD00D8E9CF /* WeekGlanceWidget.swift */; };
		5118AE222FBCA92100D8E9CF /* NotificationSelectionView.swift in Sources */ = {isa = PBXBuildFile; fileRef = 5118AE212FBCA92100D8E9CF /* NotificationSelectionView.swift */; };
/* End PBXBuildFile section */

/* Begin PBXContainerItemProxy section */
		5118AD6F2FB2B90400D8E9CF /* PBXContainerItemProxy */ = {
			isa = PBXContainerItemProxy;
			containerPortal = 5118ABB72F9F852F00D8E9CF /* Project object */;
			proxyType = 1;
			remoteGlobalIDString = 5118AD602FB2B90200D8E9CF;
			remoteInfo = CalRemWidgetExtension;
		};
/* End PBXContainerItemProxy section */

/* Begin PBXCopyFilesBuildPhase section */
		5118AD762FB2B90400D8E9CF /* Embed Foundation Extensions */ = {
			isa = PBXCopyFilesBuildPhase;
			buildActionMask = 2147483647;
			dstPath = "";
			dstSubfolderSpec = 13;
			files = (
				5118AD712FB2B90400D8E9CF /* CalRemWidgetExtension.appex in Embed Foundation Extensions */,
			);
			name = "Embed Foundation Extensions";
			runOnlyForDeploymentPostprocessing = 0;
		};
/* End PBXCopyFilesBuildPhase section */

/* Begin PBXFileReference section */
		5118ABBF2F9F852F00D8E9CF /* CalRem.app */ = {isa = PBXFileReference; explicitFileType = wrapper.application; includeInIndex = 0; path = CalRem.app; sourceTree = BUILT_PRODUCTS_DIR; };
		5118ABD62F9FA1EE00D8E9CF /* Assets.xcassets */ = {isa = PBXFileReference; lastKnownFileType = folder.assetcatalog; path = Assets.xcassets; sourceTree = "<group>"; };
		5118ABD72F9FA1EE00D8E9CF /* CalRem.entitlements */ = {isa = PBXFileReference; lastKnownFileType = text.plist.entitlements; path = CalRem.entitlements; sourceTree = "<group>"; };
		5118ABD82F9FA1EE00D8E9CF /* CalRemApp.swift */ = {isa = PBXFileReference; lastKnownFileType = sourcecode.swift; path = CalRemApp.swift; sourceTree = "<group>"; };
		5118ABD92F9FA1EE00D8E9CF /* ContentView.swift */ = {isa = PBXFileReference; lastKnownFileType = sourcecode.swift; path = ContentView.swift; sourceTree = "<group>"; };
		5118ABDB2F9FA1EE00D8E9CF /* Info.plist */ = {isa = PBXFileReference; lastKnownFileType = text.plist.xml; path = Info.plist; sourceTree = "<group>"; };
		5118ABE62FA170AE00D8E9CF /* EventKitManager.swift */ = {isa = PBXFileReference; lastKnownFileType = sourcecode.swift; path = EventKitManager.swift; sourceTree = "<group>"; };
		5118ABE92FAAC46D00D8E9CF /* SettingsTab.swift */ = {isa = PBXFileReference; lastKnownFileType = sourcecode.swift; path = SettingsTab.swift; sourceTree = "<group>"; };
		5118ABEB2FAAC4CD00D8E9CF /* PreferencesViewModel.swift */ = {isa = PBXFileReference; lastKnownFileType = sourcecode.swift; path = PreferencesViewModel.swift; sourceTree = "<group>"; };
		5118ABED2FAAC9B800D8E9CF /* ListView.swift */ = {isa = PBXFileReference; lastKnownFileType = sourcecode.swift; path = ListView.swift; sourceTree = "<group>"; };
		5118ABEF2FAACFAE00D8E9CF /* EventRow.swift */ = {isa = PBXFileReference; lastKnownFileType = sourcecode.swift; path = EventRow.swift; sourceTree = "<group>"; };
		5118ABF12FAAD0FA00D8E9CF /* ReminderRow.swift */ = {isa = PBXFileReference; lastKnownFileType = sourcecode.swift; path = ReminderRow.swift; sourceTree = "<group>"; };
		5118AC432FAECF5700D8E9CF /* ReminderModel.swift */ = {isa = PBXFileReference; lastKnownFileType = sourcecode.swift; path = ReminderModel.swift; sourceTree = "<group>"; };
		5118AC452FAECF6000D8E9CF /* EventModel.swift */ = {isa = PBXFileReference; lastKnownFileType = sourcecode.swift; path = EventModel.swift; sourceTree = "<group>"; };
		5118AD552FB0C05000D8E9CF /* MockData.swift */ = {isa = PBXFileReference; lastKnownFileType = sourcecode.swift; path = MockData.swift; sourceTree = "<group>"; };
		5118AD572FB225FF00D8E9CF /* ReminderView.swift */ = {isa = PBXFileReference; lastKnownFileType = sourcecode.swift; path = ReminderView.swift; sourceTree = "<group>"; };
		5118AD592FB25F8600D8E9CF /* EventView.swift */ = {isa = PBXFileReference; lastKnownFileType = sourcecode.swift; path = EventView.swift; sourceTree = "<group>"; };
		5118AD5B2FB26D6200D8E9CF /* Enums.swift */ = {isa = PBXFileReference; lastKnownFileType = sourcecode.swift; path = Enums.swift; sourceTree = "<group>"; };
		5118AD612FB2B90200D8E9CF /* CalRemWidgetExtension.appex */ = {isa = PBXFileReference; explicitFileType = "wrapper.app-extension"; includeInIndex = 0; path = CalRemWidgetExtension.appex; sourceTree = BUILT_PRODUCTS_DIR; };
		5118AD632FB2B90200D8E9CF /* WidgetKit.framework */ = {isa = PBXFileReference; lastKnownFileType = wrapper.framework; name = WidgetKit.framework; path = System/Library/Frameworks/WidgetKit.framework; sourceTree = SDKROOT; };
		5118AD652FB2B90200D8E9CF /* SwiftUI.framework */ = {isa = PBXFileReference; lastKnownFileType = wrapper.framework; name = SwiftUI.framework; path = System/Library/Frameworks/SwiftUI.framework; sourceTree = SDKROOT; };
		5118AD772FB2BA1100D8E9CF /* CalRemWidgetExtension.entitlements */ = {isa = PBXFileReference; lastKnownFileType = text.plist.entitlements; path = CalRemWidgetExtension.entitlements; sourceTree = "<group>"; };
		5118AD802FB3A40200D8E9CF /* Assets.xcassets */ = {isa = PBXFileReference; lastKnownFileType = folder.assetcatalog; path = Assets.xcassets; sourceTree = "<group>"; };
		5118AD812FB3A40200D8E9CF /* CalRemWidgetBundle.swift */ = {isa = PBXFileReference; lastKnownFileType = sourcecode.swift; path = CalRemWidgetBundle.swift; sourceTree = "<group>"; };
		5118AD822FB3A40200D8E9CF /* DayProgressWidget.swift */ = {isa = PBXFileReference; lastKnownFileType = sourcecode.swift; path = DayProgressWidget.swift; sourceTree = "<group>"; };
		5118AD832FB3A40200D8E9CF /* Info.plist */ = {isa = PBXFileReference; lastKnownFileType = text.plist.xml; path = Info.plist; sourceTree = "<group>"; };
		5118AD842FB3A40200D8E9CF /* UnifiedWidget.swift */ = {isa = PBXFileReference; lastKnownFileType = sourcecode.swift; path = UnifiedWidget.swift; sourceTree = "<group>"; };
		5118AD902FB3AFDF00D8E9CF /* ToggleReminderIntent.swift */ = {isa = PBXFileReference; lastKnownFileType = sourcecode.swift; path = ToggleReminderIntent.swift; sourceTree = "<group>"; };
		5118AD9B2FB75A0F00D8E9CF /*   .swift */ = {isa = PBXFileReference; lastKnownFileType = sourcecode.swift; path = "  .swift"; sourceTree = "<group>"; };
		5118AD9E2FB764AD00D8E9CF /* WeekGlanceWidget.swift */ = {isa = PBXFileReference; lastKnownFileType = sourcecode.swift; path = WeekGlanceWidget.swift; sourceTree = "<group>"; };
		5118AE212FBCA92100D8E9CF /* NotificationSelectionView.swift */ = {isa = PBXFileReference; lastKnownFileType = sourcecode.swift; path = NotificationSelectionView.swift; sourceTree = "<group>"; };
/* End PBXFileReference section */

/* Begin PBXFrameworksBuildPhase section */
		5118ABBC2F9F852F00D8E9CF /* Frameworks */ = {
			isa = PBXFrameworksBuildPhase;
			buildActionMask = 2147483647;
			files = (
			);
			runOnlyForDeploymentPostprocessing = 0;
		};
		5118AD5E2FB2B90200D8E9CF /* Frameworks */ = {
			isa = PBXFrameworksBuildPhase;
			buildActionMask = 2147483647;
			files = (
				5118AD662FB2B90200D8E9CF /* SwiftUI.framework in Frameworks */,
				5118AD642FB2B90200D8E9CF /* WidgetKit.framework in Frameworks */,
			);
			runOnlyForDeploymentPostprocessing = 0;
		};
/* End PBXFrameworksBuildPhase section */

/* Begin PBXGroup section */
		5118ABB62F9F852F00D8E9CF = {
			isa = PBXGroup;
			children = (
				5118AD772FB2BA1100D8E9CF /* CalRemWidgetExtension.entitlements */,
				5118ABDD2F9FA1EE00D8E9CF /* CalRem */,
				5118AD852FB3A40200D8E9CF /* CalRemWidget */,
				5118AD622FB2B90200D8E9CF /* Frameworks */,
				5118ABC02F9F852F00D8E9CF /* Products */,
			);
			sourceTree = "<group>";
		};
		5118ABC02F9F852F00D8E9CF /* Products */ = {
			isa = PBXGroup;
			children = (
				5118ABBF2F9F852F00D8E9CF /* CalRem.app */,
				5118AD612FB2B90200D8E9CF /* CalRemWidgetExtension.appex */,
			);
			name = Products;
			sourceTree = "<group>";
		};
		5118ABDD2F9FA1EE00D8E9CF /* CalRem */ = {
			isa = PBXGroup;
			children = (
				5118ABD62F9FA1EE00D8E9CF /* Assets.xcassets */,
				5118ABD72F9FA1EE00D8E9CF /* CalRem.entitlements */,
				5118ABDB2F9FA1EE00D8E9CF /* Info.plist */,
				5118ABD82F9FA1EE00D8E9CF /* CalRemApp.swift */,
				5118AC472FAECF6500D8E9CF /* Model */,
				5118ABE82FAAC34C00D8E9CF /* View */,
				5118ABE52FA1709F00D8E9CF /* ViewModel */,
			);
			path = CalRem;
			sourceTree = "<group>";
		};
		5118ABE52FA1709F00D8E9CF /* ViewModel */ = {
			isa = PBXGroup;
			children = (
				5118AD5B2FB26D6200D8E9CF /* Enums.swift */,
				5118ABE62FA170AE00D8E9CF /* EventKitManager.swift */,
				5118ABEB2FAAC4CD00D8E9CF /* PreferencesViewModel.swift */,
				5118AD552FB0C05000D8E9CF /* MockData.swift */,
			);
			path = ViewModel;
			sourceTree = "<group>";
		};
		5118ABE82FAAC34C00D8E9CF /* View */ = {
			isa = PBXGroup;
			children = (
				5118ABD92F9FA1EE00D8E9CF /* ContentView.swift */,
				5118AE1F2FBCA5BD00D8E9CF /* List */,
				5118AE202FBCA5C900D8E9CF /* Settings */,
				5118AC402FAE349100D8E9CF /* SubViews */,
			);
			path = View;
			sourceTree = "<group>";
		};
		5118AC402FAE349100D8E9CF /* SubViews */ = {
			isa = PBXGroup;
			children = (
				5118ABEF2FAACFAE00D8E9CF /* EventRow.swift */,
				5118ABF12FAAD0FA00D8E9CF /* ReminderRow.swift */,
			);
			path = SubViews;
			sourceTree = "<group>";
		};
		5118AC472FAECF6500D8E9CF /* Model */ = {
			isa = PBXGroup;
			children = (
				5118AC432FAECF5700D8E9CF /* ReminderModel.swift */,
				5118AC452FAECF6000D8E9CF /* EventModel.swift */,
			);
			path = Model;
			sourceTree = "<group>";
		};
		5118AD622FB2B90200D8E9CF /* Frameworks */ = {
			isa = PBXGroup;
			children = (
				5118AD632FB2B90200D8E9CF /* WidgetKit.framework */,
				5118AD652FB2B90200D8E9CF /* SwiftUI.framework */,
			);
			name = Frameworks;
			sourceTree = "<group>";
		};
		5118AD852FB3A40200D8E9CF /* CalRemWidget */ = {
			isa = PBXGroup;
			children = (
				5118AD812FB3A40200D8E9CF /* CalRemWidgetBundle.swift */,
				5118AD9B2FB75A0F00D8E9CF /*   .swift */,
				5118AD9A2FB74E1200D8E9CF /* AppIntents */,
				5118AD8C2FB3A40700D8E9CF /* Widgets */,
				5118AD802FB3A40200D8E9CF /* Assets.xcassets */,
				5118AD832FB3A40200D8E9CF /* Info.plist */,
			);
			path = CalRemWidget;
			sourceTree = "<group>";
		};
		5118AD8C2FB3A40700D8E9CF /* Widgets */ = {
			isa = PBXGroup;
			children = (
				5118AD842FB3A40200D8E9CF /* UnifiedWidget.swift */,
				5118AD822FB3A40200D8E9CF /* DayProgressWidget.swift */,
				5118AD9E2FB764AD00D8E9CF /* WeekGlanceWidget.swift */,
			);
			path = Widgets;
			sourceTree = "<group>";
		};
		5118AD9A2FB74E1200D8E9CF /* AppIntents */ = {
			isa = PBXGroup;
			children = (
				5118AD902FB3AFDF00D8E9CF /* ToggleReminderIntent.swift */,
			);
			path = AppIntents;
			sourceTree = "<group>";
		};
		5118AE1F2FBCA5BD00D8E9CF /* List */ = {
			isa = PBXGroup;
			children = (
				5118ABED2FAAC9B800D8E9CF /* ListView.swift */,
				5118AD572FB225FF00D8E9CF /* ReminderView.swift */,
				5118AD592FB25F8600D8E9CF /* EventView.swift */,
			);
			path = List;
			sourceTree = "<group>";
		};
		5118AE202FBCA5C900D8E9CF /* Settings */ = {
			isa = PBXGroup;
			children = (
				5118ABE92FAAC46D00D8E9CF /* SettingsTab.swift */,
				5118AE212FBCA92100D8E9CF /* NotificationSelectionView.swift */,
			);
			path = Settings;
			sourceTree = "<group>";
		};
/* End PBXGroup section */

/* Begin PBXNativeTarget section */
		5118ABBE2F9F852F00D8E9CF /* CalRem */ = {
			isa = PBXNativeTarget;
			buildConfigurationList = 5118ABCD2F9F853100D8E9CF /* Build configuration list for PBXNativeTarget "CalRem" */;
			buildPhases = (
				5118ABBB2F9F852F00D8E9CF /* Sources */,
				5118ABBC2F9F852F00D8E9CF /* Frameworks */,
				5118ABBD2F9F852F00D8E9CF /* Resources */,
				5118AD762FB2B90400D8E9CF /* Embed Foundation Extensions */,
			);
			buildRules = (
			);
			dependencies = (
				5118AD702FB2B90400D8E9CF /* PBXTargetDependency */,
			);
			name = CalRem;
			packageProductDependencies = (
			);
			productName = CalRem;
			productReference = 5118ABBF2F9F852F00D8E9CF /* CalRem.app */;
			productType = "com.apple.product-type.application";
		};
		5118AD602FB2B90200D8E9CF /* CalRemWidgetExtension */ = {
			isa = PBXNativeTarget;
			buildConfigurationList = 5118AD732FB2B90400D8E9CF /* Build configuration list for PBXNativeTarget "CalRemWidgetExtension" */;
			buildPhases = (
				5118AD5D2FB2B90200D8E9CF /* Sources */,
				5118AD5E2FB2B90200D8E9CF /* Frameworks */,
				5118AD5F2FB2B90200D8E9CF /* Resources */,
			);
			buildRules = (
			);
			dependencies = (
			);
			name = CalRemWidgetExtension;
			packageProductDependencies = (
			);
			productName = CalRemWidgetExtension;
			productReference = 5118AD612FB2B90200D8E9CF /* CalRemWidgetExtension.appex */;
			productType = "com.apple.product-type.app-extension";
		};
/* End PBXNativeTarget section */

/* Begin PBXProject section */
		5118ABB72F9F852F00D8E9CF /* Project object */ = {
			isa = PBXProject;
			attributes = {
				BuildIndependentTargetsInParallel = 1;
				LastSwiftUpdateCheck = 2620;
				LastUpgradeCheck = 2620;
				TargetAttributes = {
					5118ABBE2F9F852F00D8E9CF = {
						CreatedOnToolsVersion = 26.2;
					};
					5118AD602FB2B90200D8E9CF = {
						CreatedOnToolsVersion = 26.2;
					};
				};
			};
			buildConfigurationList = 5118ABBA2F9F852F00D8E9CF /* Build configuration list for PBXProject "CalRem" */;
			developmentRegion = en;
			hasScannedForEncodings = 0;
			knownRegions = (
				en,
				Base,
			);
			mainGroup = 5118ABB62F9F852F00D8E9CF;
			minimizedProjectReferenceProxies = 1;
			preferredProjectObjectVersion = 77;
			productRefGroup = 5118ABC02F9F852F00D8E9CF /* Products */;
			projectDirPath = "";
			projectRoot = "";
			targets = (
				5118ABBE2F9F852F00D8E9CF /* CalRem */,
				5118AD602FB2B90200D8E9CF /* CalRemWidgetExtension */,
			);
		};
/* End PBXProject section */

/* Begin PBXResourcesBuildPhase section */
		5118ABBD2F9F852F00D8E9CF /* Resources */ = {
			isa = PBXResourcesBuildPhase;
			buildActionMask = 2147483647;
			files = (
				5118ABE22F9FA1EE00D8E9CF /* Assets.xcassets in Resources */,
			);
			runOnlyForDeploymentPostprocessing = 0;
		};
		5118AD5F2FB2B90200D8E9CF /* Resources */ = {
			isa = PBXResourcesBuildPhase;
			buildActionMask = 2147483647;
			files = (
				5118AD862FB3A40200D8E9CF /* Assets.xcassets in Resources */,
			);
			runOnlyForDeploymentPostprocessing = 0;
		};
/* End PBXResourcesBuildPhase section */

/* Begin PBXSourcesBuildPhase section */
		5118ABBB2F9F852F00D8E9CF /* Sources */ = {
			isa = PBXSourcesBuildPhase;
			buildActionMask = 2147483647;
			files = (
				5118ABF22FAAD0FA00D8E9CF /* ReminderRow.swift in Sources */,
				5118ABDE2F9FA1EE00D8E9CF /* CalRemApp.swift in Sources */,
				5118AD5A2FB25F8600D8E9CF /* EventView.swift in Sources */,
				5118AD582FB225FF00D8E9CF /* ReminderView.swift in Sources */,
				5118AD5C2FB26D6500D8E9CF /* Enums.swift in Sources */,
				5118AD8B2FB3A40200D8E9CF /* DayProgressWidget.swift in Sources */,
				5118ABEC2FAAC4CD00D8E9CF /* PreferencesViewModel.swift in Sources */,
				5118AD9D2FB75A0F00D8E9CF /*   .swift in Sources */,
				5118AD932FB3EF4D00D8E9CF /* UnifiedWidget.swift in Sources */,
				5118AD9F2FB764AD00D8E9CF /* WeekGlanceWidget.swift in Sources */,
				5118AE222FBCA92100D8E9CF /* NotificationSelectionView.swift in Sources */,
				5118ABDF2F9FA1EE00D8E9CF /* ContentView.swift in Sources */,
				5118ABF02FAACFAE00D8E9CF /* EventRow.swift in Sources */,
				5118ABEE2FAAC9B800D8E9CF /* ListView.swift in Sources */,
				5118AC462FAECF6000D8E9CF /* EventModel.swift in Sources */,
				5118AC442FAECF5700D8E9CF /* ReminderModel.swift in Sources */,
				5118ABEA2FAAC46D00D8E9CF /* SettingsTab.swift in Sources */,
				5118ABE72FA170AE00D8E9CF /* EventKitManager.swift in Sources */,
				5118AD562FB0C05000D8E9CF /* MockData.swift in Sources */,
				5118AD922FB3AFDF00D8E9CF /* ToggleReminderIntent.swift in Sources */,
			);
			runOnlyForDeploymentPostprocessing = 0;
		};
		5118AD5D2FB2B90200D8E9CF /* Sources */ = {
			isa = PBXSourcesBuildPhase;
			buildActionMask = 2147483647;
			files = (
				5118AD882FB3A40200D8E9CF /* CalRemWidgetBundle.swift in Sources */,
				5118AD912FB3AFDF00D8E9CF /* ToggleReminderIntent.swift in Sources */,
				5118AD892FB3A40200D8E9CF /* DayProgressWidget.swift in Sources */,
				5118ADA02FB764AD00D8E9CF /* WeekGlanceWidget.swift in Sources */,
				5118AD9C2FB75A0F00D8E9CF /*   .swift in Sources */,
				5118AD8A2FB3A40200D8E9CF /* UnifiedWidget.swift in Sources */,
				5118AD7B2FB36CF600D8E9CF /* PreferencesViewModel.swift in Sources */,
				5118AD7A2FB36B2400D8E9CF /* EventKitManager.swift in Sources */,
			);
			runOnlyForDeploymentPostprocessing = 0;
		};
/* End PBXSourcesBuildPhase section */

/* Begin PBXTargetDependency section */
		5118AD702FB2B90400D8E9CF /* PBXTargetDependency */ = {
			isa = PBXTargetDependency;
			target = 5118AD602FB2B90200D8E9CF /* CalRemWidgetExtension */;
			targetProxy = 5118AD6F2FB2B90400D8E9CF /* PBXContainerItemProxy */;
		};
/* End PBXTargetDependency section */

/* Begin XCBuildConfiguration section */
		5118ABCE2F9F853100D8E9CF /* Debug */ = {
			isa = XCBuildConfiguration;
			buildSettings = {
				ASSETCATALOG_COMPILER_APPICON_NAME = AppIcon;
				ASSETCATALOG_COMPILER_GLOBAL_ACCENT_COLOR_NAME = AccentColor;
				CODE_SIGN_ENTITLEMENTS = CalRem/CalRem.entitlements;
				CODE_SIGN_STYLE = Automatic;
				CURRENT_PROJECT_VERSION = 1;
				DEVELOPMENT_TEAM = ARY55MH724;
				ENABLE_PREVIEWS = YES;
				GENERATE_INFOPLIST_FILE = YES;
				INFOPLIST_FILE = CalRem/Info.plist;
				INFOPLIST_KEY_CFBundleDisplayName = "";
				INFOPLIST_KEY_LSApplicationCategoryType = "public.app-category.utilities";
				INFOPLIST_KEY_NSCalendarsFullAccessUsageDescription = "App needs access to Calendar to sync events.";
				INFOPLIST_KEY_NSHumanReadableCopyright = "";
				INFOPLIST_KEY_NSRemindersFullAccessUsageDescription = "App needs access to Reminders to sync reminders.";
				INFOPLIST_KEY_UIApplicationSceneManifest_Generation = YES;
				INFOPLIST_KEY_UIApplicationSupportsIndirectInputEvents = YES;
				INFOPLIST_KEY_UILaunchScreen_Generation = YES;
				INFOPLIST_KEY_UISupportedInterfaceOrientations_iPad = "UIInterfaceOrientationPortrait UIInterfaceOrientationPortraitUpsideDown UIInterfaceOrientationLandscapeLeft UIInterfaceOrientationLandscapeRight";
				INFOPLIST_KEY_UISupportedInterfaceOrientations_iPhone = "UIInterfaceOrientationPortrait UIInterfaceOrientationLandscapeLeft UIInterfaceOrientationLandscapeRight";
				LD_RUNPATH_SEARCH_PATHS = (
					"$(inherited)",
					"@executable_path/Frameworks",
				);
				MARKETING_VERSION = 1.0;
				PRODUCT_BUNDLE_IDENTIFIER = com.pp.CalRem;
				PRODUCT_NAME = "$(TARGET_NAME)";
				STRING_CATALOG_GENERATE_SYMBOLS = YES;
				SWIFT_APPROACHABLE_CONCURRENCY = YES;
				SWIFT_DEFAULT_ACTOR_ISOLATION = MainActor;
				SWIFT_EMIT_LOC_STRINGS = YES;
				SWIFT_UPCOMING_FEATURE_MEMBER_IMPORT_VISIBILITY = YES;
				SWIFT_VERSION = 5.0;
				TARGETED_DEVICE_FAMILY = "1,2";
			};
			name = Debug;
		};
		5118ABCF2F9F853100D8E9CF /* Release */ = {
			isa = XCBuildConfiguration;
			buildSettings = {
				ASSETCATALOG_COMPILER_APPICON_NAME = AppIcon;
				ASSETCATALOG_COMPILER_GLOBAL_ACCENT_COLOR_NAME = AccentColor;
				CODE_SIGN_ENTITLEMENTS = CalRem/CalRem.entitlements;
				CODE_SIGN_STYLE = Automatic;
				CURRENT_PROJECT_VERSION = 1;
				DEVELOPMENT_TEAM = ARY55MH724;
				ENABLE_PREVIEWS = YES;
				GENERATE_INFOPLIST_FILE = YES;
				INFOPLIST_FILE = CalRem/Info.plist;
				INFOPLIST_KEY_CFBundleDisplayName = "";
				INFOPLIST_KEY_LSApplicationCategoryType = "public.app-category.utilities";
				INFOPLIST_KEY_NSCalendarsFullAccessUsageDescription = "App needs access to Calendar to sync events.";
				INFOPLIST_KEY_NSHumanReadableCopyright = "";
				INFOPLIST_KEY_NSRemindersFullAccessUsageDescription = "App needs access to Reminders to sync reminders.";
				INFOPLIST_KEY_UIApplicationSceneManifest_Generation = YES;
				INFOPLIST_KEY_UIApplicationSupportsIndirectInputEvents = YES;
				INFOPLIST_KEY_UILaunchScreen_Generation = YES;
				INFOPLIST_KEY_UISupportedInterfaceOrientations_iPad = "UIInterfaceOrientationPortrait UIInterfaceOrientationPortraitUpsideDown UIInterfaceOrientationLandscapeLeft UIInterfaceOrientationLandscapeRight";
				INFOPLIST_KEY_UISupportedInterfaceOrientations_iPhone = "UIInterfaceOrientationPortrait UIInterfaceOrientationLandscapeLeft UIInterfaceOrientationLandscapeRight";
				LD_RUNPATH_SEARCH_PATHS = (
					"$(inherited)",
					"@executable_path/Frameworks",
				);
				MARKETING_VERSION = 1.0;
				PRODUCT_BUNDLE_IDENTIFIER = com.pp.CalRem;
				PRODUCT_NAME = "$(TARGET_NAME)";
				STRING_CATALOG_GENERATE_SYMBOLS = YES;
				SWIFT_APPROACHABLE_CONCURRENCY = YES;
				SWIFT_DEFAULT_ACTOR_ISOLATION = MainActor;
				SWIFT_EMIT_LOC_STRINGS = YES;
				SWIFT_UPCOMING_FEATURE_MEMBER_IMPORT_VISIBILITY = YES;
				SWIFT_VERSION = 5.0;
				TARGETED_DEVICE_FAMILY = "1,2";
			};
			name = Release;
		};
		5118ABD02F9F853100D8E9CF /* Debug */ = {
			isa = XCBuildConfiguration;
			buildSettings = {
				ALWAYS_SEARCH_USER_PATHS = NO;
				ASSETCATALOG_COMPILER_GENERATE_SWIFT_ASSET_SYMBOL_EXTENSIONS = YES;
				CLANG_ANALYZER_NONNULL = YES;
				CLANG_ANALYZER_NUMBER_OBJECT_CONVERSION = YES_AGGRESSIVE;
				CLANG_CXX_LANGUAGE_STANDARD = "gnu++20";
				CLANG_ENABLE_MODULES = YES;
				CLANG_ENABLE_OBJC_ARC = YES;
				CLANG_ENABLE_OBJC_WEAK = YES;
				CLANG_WARN_BLOCK_CAPTURE_AUTORELEASING = YES;
				CLANG_WARN_BOOL_CONVERSION = YES;
				CLANG_WARN_COMMA = YES;
				CLANG_WARN_CONSTANT_CONVERSION = YES;
				CLANG_WARN_DEPRECATED_OBJC_IMPLEMENTATIONS = YES;
				CLANG_WARN_DIRECT_OBJC_ISA_USAGE = YES_ERROR;
				CLANG_WARN_DOCUMENTATION_COMMENTS = YES;
				CLANG_WARN_EMPTY_BODY = YES;
				CLANG_WARN_ENUM_CONVERSION = YES;
				CLANG_WARN_INFINITE_RECURSION = YES;
				CLANG_WARN_INT_CONVERSION = YES;
				CLANG_WARN_NON_LITERAL_NULL_CONVERSION = YES;
				CLANG_WARN_OBJC_IMPLICIT_RETAIN_SELF = YES;
				CLANG_WARN_OBJC_LITERAL_CONVERSION = YES;
				CLANG_WARN_OBJC_ROOT_CLASS = YES_ERROR;
				CLANG_WARN_QUOTED_INCLUDE_IN_FRAMEWORK_HEADER = YES;
				CLANG_WARN_RANGE_LOOP_ANALYSIS = YES;
				CLANG_WARN_STRICT_PROTOTYPES = YES;
				CLANG_WARN_SUSPICIOUS_MOVE = YES;
				CLANG_WARN_UNGUARDED_AVAILABILITY = YES_AGGRESSIVE;
				CLANG_WARN_UNREACHABLE_CODE = YES;
				CLANG_WARN__DUPLICATE_METHOD_MATCH = YES;
				COPY_PHASE_STRIP = NO;
				DEBUG_INFORMATION_FORMAT = dwarf;
				DEVELOPMENT_TEAM = ARY55MH724;
				ENABLE_STRICT_OBJC_MSGSEND = YES;
				ENABLE_TESTABILITY = YES;
				ENABLE_USER_SCRIPT_SANDBOXING = YES;
				GCC_C_LANGUAGE_STANDARD = gnu17;
				GCC_DYNAMIC_NO_PIC = NO;
				GCC_NO_COMMON_BLOCKS = YES;
				GCC_OPTIMIZATION_LEVEL = 0;
				GCC_PREPROCESSOR_DEFINITIONS = (
					"DEBUG=1",
					"$(inherited)",
				);
				GCC_WARN_64_TO_32_BIT_CONVERSION = YES;
				GCC_WARN_ABOUT_RETURN_TYPE = YES_ERROR;
				GCC_WARN_UNDECLARED_SELECTOR = YES;
				GCC_WARN_UNINITIALIZED_AUTOS = YES_AGGRESSIVE;
				GCC_WARN_UNUSED_FUNCTION = YES;
				GCC_WARN_UNUSED_VARIABLE = YES;
				IPHONEOS_DEPLOYMENT_TARGET = 26.2;
				LOCALIZATION_PREFERS_STRING_CATALOGS = YES;
				MTL_ENABLE_DEBUG_INFO = INCLUDE_SOURCE;
				MTL_FAST_MATH = YES;
				ONLY_ACTIVE_ARCH = YES;
				SDKROOT = iphoneos;
				SWIFT_ACTIVE_COMPILATION_CONDITIONS = "DEBUG $(inherited)";
				SWIFT_OPTIMIZATION_LEVEL = "-Onone";
			};
			name = Debug;
		};
		5118ABD12F9F853100D8E9CF /* Release */ = {
			isa = XCBuildConfiguration;
			buildSettings = {
				ALWAYS_SEARCH_USER_PATHS = NO;
				ASSETCATALOG_COMPILER_GENERATE_SWIFT_ASSET_SYMBOL_EXTENSIONS = YES;
				CLANG_ANALYZER_NONNULL = YES;
				CLANG_ANALYZER_NUMBER_OBJECT_CONVERSION = YES_AGGRESSIVE;
				CLANG_CXX_LANGUAGE_STANDARD = "gnu++20";
				CLANG_ENABLE_MODULES = YES;
				CLANG_ENABLE_OBJC_ARC = YES;
				CLANG_ENABLE_OBJC_WEAK = YES;
				CLANG_WARN_BLOCK_CAPTURE_AUTORELEASING = YES;
				CLANG_WARN_BOOL_CONVERSION = YES;
				CLANG_WARN_COMMA = YES;
				CLANG_WARN_CONSTANT_CONVERSION = YES;
				CLANG_WARN_DEPRECATED_OBJC_IMPLEMENTATIONS = YES;
				CLANG_WARN_DIRECT_OBJC_ISA_USAGE = YES_ERROR;
				CLANG_WARN_DOCUMENTATION_COMMENTS = YES;
				CLANG_WARN_EMPTY_BODY = YES;
				CLANG_WARN_ENUM_CONVERSION = YES;
				CLANG_WARN_INFINITE_RECURSION = YES;
				CLANG_WARN_INT_CONVERSION = YES;
				CLANG_WARN_NON_LITERAL_NULL_CONVERSION = YES;
				CLANG_WARN_OBJC_IMPLICIT_RETAIN_SELF = YES;
				CLANG_WARN_OBJC_LITERAL_CONVERSION = YES;
				CLANG_WARN_OBJC_ROOT_CLASS = YES_ERROR;
				CLANG_WARN_QUOTED_INCLUDE_IN_FRAMEWORK_HEADER = YES;
				CLANG_WARN_RANGE_LOOP_ANALYSIS = YES;
				CLANG_WARN_STRICT_PROTOTYPES = YES;
				CLANG_WARN_SUSPICIOUS_MOVE = YES;
				CLANG_WARN_UNGUARDED_AVAILABILITY = YES_AGGRESSIVE;
				CLANG_WARN_UNREACHABLE_CODE = YES;
				CLANG_WARN__DUPLICATE_METHOD_MATCH = YES;
				COPY_PHASE_STRIP = NO;
				DEBUG_INFORMATION_FORMAT = "dwarf-with-dsym";
				DEVELOPMENT_TEAM = ARY55MH724;
				ENABLE_NS_ASSERTIONS = NO;
				ENABLE_STRICT_OBJC_MSGSEND = YES;
				ENABLE_USER_SCRIPT_SANDBOXING = YES;
				GCC_C_LANGUAGE_STANDARD = gnu17;
				GCC_NO_COMMON_BLOCKS = YES;
				GCC_WARN_64_TO_32_BIT_CONVERSION = YES;
				GCC_WARN_ABOUT_RETURN_TYPE = YES_ERROR;
				GCC_WARN_UNDECLARED_SELECTOR = YES;
				GCC_WARN_UNINITIALIZED_AUTOS = YES_AGGRESSIVE;
				GCC_WARN_UNUSED_FUNCTION = YES;
				GCC_WARN_UNUSED_VARIABLE = YES;
				IPHONEOS_DEPLOYMENT_TARGET = 26.2;
				LOCALIZATION_PREFERS_STRING_CATALOGS = YES;
				MTL_ENABLE_DEBUG_INFO = NO;
				MTL_FAST_MATH = YES;
				SDKROOT = iphoneos;
				SWIFT_COMPILATION_MODE = wholemodule;
				VALIDATE_PRODUCT = YES;
			};
			name = Release;
		};
		5118AD742FB2B90400D8E9CF /* Debug */ = {
			isa = XCBuildConfiguration;
			buildSettings = {
				ASSETCATALOG_COMPILER_GLOBAL_ACCENT_COLOR_NAME = AccentColor;
				ASSETCATALOG_COMPILER_WIDGET_BACKGROUND_COLOR_NAME = WidgetBackground;
				CODE_SIGN_ENTITLEMENTS = CalRemWidgetExtension.entitlements;
				CODE_SIGN_STYLE = Automatic;
				CURRENT_PROJECT_VERSION = 1;
				DEVELOPMENT_TEAM = ARY55MH724;
				GENERATE_INFOPLIST_FILE = YES;
				INFOPLIST_FILE = CalRemWidget/Info.plist;
				INFOPLIST_KEY_CFBundleDisplayName = CalRemWidget;
				INFOPLIST_KEY_NSHumanReadableCopyright = "";
				LD_RUNPATH_SEARCH_PATHS = (
					"$(inherited)",
					"@executable_path/Frameworks",
					"@executable_path/../../Frameworks",
				);
				MARKETING_VERSION = 1.0;
				PRODUCT_BUNDLE_IDENTIFIER = com.pp.CalRem.CalRemWidget;
				PRODUCT_NAME = "$(TARGET_NAME)";
				SKIP_INSTALL = YES;
				STRING_CATALOG_GENERATE_SYMBOLS = YES;
				SWIFT_APPROACHABLE_CONCURRENCY = YES;
				SWIFT_EMIT_LOC_STRINGS = YES;
				SWIFT_UPCOMING_FEATURE_MEMBER_IMPORT_VISIBILITY = YES;
				SWIFT_VERSION = 5.0;
				TARGETED_DEVICE_FAMILY = "1,2";
			};
			name = Debug;
		};
		5118AD752FB2B90400D8E9CF /* Release */ = {
			isa = XCBuildConfiguration;
			buildSettings = {
				ASSETCATALOG_COMPILER_GLOBAL_ACCENT_COLOR_NAME = AccentColor;
				ASSETCATALOG_COMPILER_WIDGET_BACKGROUND_COLOR_NAME = WidgetBackground;
				CODE_SIGN_ENTITLEMENTS = CalRemWidgetExtension.entitlements;
				CODE_SIGN_STYLE = Automatic;
				CURRENT_PROJECT_VERSION = 1;
				DEVELOPMENT_TEAM = ARY55MH724;
				GENERATE_INFOPLIST_FILE = YES;
				INFOPLIST_FILE = CalRemWidget/Info.plist;
				INFOPLIST_KEY_CFBundleDisplayName = CalRemWidget;
				INFOPLIST_KEY_NSHumanReadableCopyright = "";
				LD_RUNPATH_SEARCH_PATHS = (
					"$(inherited)",
					"@executable_path/Frameworks",
					"@executable_path/../../Frameworks",
				);
				MARKETING_VERSION = 1.0;
				PRODUCT_BUNDLE_IDENTIFIER = com.pp.CalRem.CalRemWidget;
				PRODUCT_NAME = "$(TARGET_NAME)";
				SKIP_INSTALL = YES;
				STRING_CATALOG_GENERATE_SYMBOLS = YES;
				SWIFT_APPROACHABLE_CONCURRENCY = YES;
				SWIFT_EMIT_LOC_STRINGS = YES;
				SWIFT_UPCOMING_FEATURE_MEMBER_IMPORT_VISIBILITY = YES;
				SWIFT_VERSION = 5.0;
				TARGETED_DEVICE_FAMILY = "1,2";
			};
			name = Release;
		};
/* End XCBuildConfiguration section */

/* Begin XCConfigurationList section */
		5118ABBA2F9F852F00D8E9CF /* Build configuration list for PBXProject "CalRem" */ = {
			isa = XCConfigurationList;
			buildConfigurations = (
				5118ABD02F9F853100D8E9CF /* Debug */,
				5118ABD12F9F853100D8E9CF /* Release */,
			);
			defaultConfigurationIsVisible = 0;
			defaultConfigurationName = Release;
		};
		5118ABCD2F9F853100D8E9CF /* Build configuration list for PBXNativeTarget "CalRem" */ = {
			isa = XCConfigurationList;
			buildConfigurations = (
				5118ABCE2F9F853100D8E9CF /* Debug */,
				5118ABCF2F9F853100D8E9CF /* Release */,
			);
			defaultConfigurationIsVisible = 0;
			defaultConfigurationName = Release;
		};
		5118AD732FB2B90400D8E9CF /* Build configuration list for PBXNativeTarget "CalRemWidgetExtension" */ = {
			isa = XCConfigurationList;
			buildConfigurations = (
				5118AD742FB2B90400D8E9CF /* Debug */,
				5118AD752FB2B90400D8E9CF /* Release */,
			);
			defaultConfigurationIsVisible = 0;
			defaultConfigurationName = Release;
		};
/* End XCConfigurationList section */
	};
	rootObject = 5118ABB72F9F852F00D8E9CF /* Project object */;
}
